
Microsoft Visual Studio Solution File, Format Version 12.00
# Visual Studio Version 16
VisualStudioVersion = 16.0.30803.129
MinimumVisualStudioVersion = 10.0.40219.1
Project("{9A19103F-16F7-4668-BE54-9A1E7A4F7556}") = "BlogIdentity", "BlogIdentity\BlogIdentity.csproj", "{DC058D1D-ABA0-4D56-AAC9-DA5BDF757ACC}"
EndProject
Project("{FAE04EC0-301F-11D3-BF4B-00C04F79EFBC}") = "BlogTest", "test\BlogTest\BlogTest.csproj", "{59CCC814-BF22-4C84-956B-F9E679B98946}"
EndProject
Global
	GlobalSection(SolutionConfigurationPlatforms) = preSolution
		Debug|Any CPU = Debug|Any CPU
		Release|Any CPU = Release|Any CPU
	EndGlobalSection
	GlobalSection(ProjectConfigurationPlatforms) = postSolution
		{DC058D1D-ABA0-4D56-AAC9-DA5BDF757ACC}.Debug|Any CPU.ActiveCfg = Debug|Any CPU
		{DC058D1D-ABA0-4D56-AAC9-DA5BDF757ACC}.Debug|Any CPU.Build.0 = Debug|Any CPU
		{DC058D1D-ABA0-4D56-AAC9-DA5BDF757ACC}.Release|Any CPU.ActiveCfg = Release|Any CPU
		{DC058D1D-ABA0-4D56-AAC9-DA5BDF757ACC}.Release|Any CPU.Build.0 = Release|Any CPU
		{59CCC814-BF22-4C84-956B-F9E679B98946}.Debug|Any CPU.ActiveCfg = Debug|Any CPU
		{59CCC814-BF22-4C84-956B-F9E679B98946}.Debug|Any CPU.Build.0 = Debug|Any CPU
		{59CCC814-BF22-4C84-956B-F9E679B98946}.Release|Any CPU.ActiveCfg = Release|Any CPU
		{59CCC814-BF22-4C84-956B-F9E679B98946}.Release|Any CPU.Build.0 = Release|Any CPU
	EndGlobalSection
	GlobalSection(SolutionProperties) = preSolution
		HideSolutionNode = FALSE
	EndGlobalSection
	GlobalSection(ExtensibilityGlobals) = postSolution
		SolutionGuid = {5189A8B3-89E4-4431-94D9-6BA48C8D6D4A}
	EndGlobalSection
EndGlobal
